
Microsoft Visual Studio Solution File, Format Version 12.00
# Visual Studio Version 16
VisualStudioVersion = 16.0.30804.86
MinimumVisualStudioVersion = 10.0.40219.1
Project("{FAE04EC0-301F-11D3-BF4B-00C04F79EFBC}") = "Repository", "Repository\Repository.csproj", "{99909E13-084D-4966-B2F2-BC7C2A605730}"
EndProject
Project("{FAE04EC0-301F-11D3-BF4B-00C04F79EFBC}") = "Common", "Common\Common.csproj", "{9C917E07-2883-4728-951A-4507EA5CD72C}"
EndProject
Project("{FAE04EC0-301F-11D3-BF4B-00C04F79EFBC}") = "MyPrj", "MyPrj\MyPrj.csproj", "{733739E8-1D7C-4C39-BA7B-193031755429}"
EndProject
Project("{2150E333-8FDC-42A3-9474-1A3956D46DE8}") = "Solution Items", "Solution Items", "{57BF1ABD-8216-46B5-8868-97924E7438DD}"
	ProjectSection(SolutionItems) = preProject
		.editorconfig = .editorconfig
	EndProjectSection
EndProject
Global
	GlobalSection(SolutionConfigurationPlatforms) = preSolution
		Debug|Any CPU = Debug|Any CPU
		Release|Any CPU = Release|Any CPU
	EndGlobalSection
	GlobalSection(ProjectConfigurationPlatforms) = postSolution
		{99909E13-084D-4966-B2F2-BC7C2A605730}.Debug|Any CPU.ActiveCfg = Debug|Any CPU
		{99909E13-084D-4966-B2F2-BC7C2A605730}.Debug|Any CPU.Build.0 = Debug|Any CPU
		{99909E13-084D-4966-B2F2-BC7C2A605730}.Release|Any CPU.ActiveCfg = Release|Any CPU
		{99909E13-084D-4966-B2F2-BC7C2A605730}.Release|Any CPU.Build.0 = Release|Any CPU
		{9C917E07-2883-4728-951A-4507EA5CD72C}.Debug|Any CPU.ActiveCfg = Debug|Any CPU
		{9C917E07-2883-4728-951A-4507EA5CD72C}.Debug|Any CPU.Build.0 = Debug|Any CPU
		{9C917E07-2883-4728-951A-4507EA5CD72C}.Release|Any CPU.ActiveCfg = Release|Any CPU
		{9C917E07-2883-4728-951A-4507EA5CD72C}.Release|Any CPU.Build.0 = Release|Any CPU
		{733739E8-1D7C-4C39-BA7B-193031755429}.Debug|Any CPU.ActiveCfg = Debug|Any CPU
		{733739E8-1D7C-4C39-BA7B-193031755429}.Debug|Any CPU.Build.0 = Debug|Any CPU
		{733739E8-1D7C-4C39-BA7B-193031755429}.Release|Any CPU.ActiveCfg = Release|Any CPU
		{733739E8-1D7C-4C39-BA7B-193031755429}.Release|Any CPU.Build.0 = Release|Any CPU
	EndGlobalSection
	GlobalSection(SolutionProperties) = preSolution
		HideSolutionNode = FALSE
	EndGlobalSection
	GlobalSection(ExtensibilityGlobals) = postSolution
		SolutionGuid = {435AE7FE-8B4F-4C58-A425-418BDED05A52}
	EndGlobalSection
EndGlobal
